// !$*UTF8*$!
{
	archiveVersion = 1;
	classes = {
	};
	objectVersion = 46;
	objects = {

/* Begin PBXBuildFile section */
		ACFE9AAE1B28977900407595 /* AppDelegate.swift in Sources */ = {isa = PBXBuildFile; fileRef = ACFE9AAD1B28977900407595 /* AppDelegate.swift */; };
		ACFE9AB01B28977900407595 /* ViewController.swift in Sources */ = {isa = PBXBuildFile; fileRef = ACFE9AAF1B28977900407595 /* ViewController.swift */; };
		ACFE9AB31B28977900407595 /* Main.storyboard in Resources */ = {isa = PBXBuildFile; fileRef = ACFE9AB11B28977900407595 /* Main.storyboard */; };
		ACFE9AB51B28977900407595 /* Images.xcassets in Resources */ = {isa = PBXBuildFile; fileRef = ACFE9AB41B28977900407595 /* Images.xcassets */; };
		ACFE9AB81B28977900407595 /* LaunchScreen.xib in Resources */ = {isa = PBXBuildFile; fileRef = ACFE9AB61B28977900407595 /* LaunchScreen.xib */; };
		ACFE9AC41B28977900407595 /* superGoTests.swift in Sources */ = {isa = PBXBuildFile; fileRef = ACFE9AC31B28977900407595 /* superGoTests.swift */; };
/* End PBXBuildFile section */

/* Begin PBXContainerItemProxy section */
		ACFE9ABE1B28977900407595 /* PBXContainerItemProxy */ = {
			isa = PBXContainerItemProxy;
			containerPortal = ACFE9AA01B28977900407595 /* Project object */;
			proxyType = 1;
			remoteGlobalIDString = ACFE9AA71B28977900407595;
			remoteInfo = superGo;
		};
/* End PBXContainerItemProxy section */

/* Begin PBXFileReference section */
		ACFE9AA81B28977900407595 /* superGo.app */ = {isa = PBXFileReference; explicitFileType = wrapper.application; includeInIndex = 0; path = superGo.app; sourceTree = BUILT_PRODUCTS_DIR; };
		ACFE9AAC1B28977900407595 /* Info.plist */ = {isa = PBXFileReference; lastKnownFileType = text.plist.xml; path = Info.plist; sourceTree = "<group>"; };
		ACFE9AAD1B28977900407595 /* AppDelegate.swift */ = {isa = PBXFileReference; lastKnownFileType = sourcecode.swift; path = AppDelegate.swift; sourceTree = "<group>"; };
		ACFE9AAF1B28977900407595 /* ViewController.swift */ = {isa = PBXFileReference; lastKnownFileType = sourcecode.swift; path = ViewController.swift; sourceTree = "<group>"; };
		ACFE9AB21B28977900407595 /* Base */ = {isa = PBXFileReference; lastKnownFileType = file.storyboard; name = Base; path = Base.lproj/Main.storyboard; sourceTree = "<group>"; };
		ACFE9AB41B28977900407595 /* Images.xcassets */ = {isa = PBXFileReference; lastKnownFileType = folder.assetcatalog; path = Images.xcassets; sourceTree = "<group>"; };
		ACFE9AB71B28977900407595 /* Base */ = {isa = PBXFileReference; lastKnownFileType = file.xib; name = Base; path = Base.lproj/LaunchScreen.xib; sourceTree = "<group>"; };
		ACFE9ABD1B28977900407595 /* superGoTests.xctest */ = {isa = PBXFileReference; explicitFileType = wrapper.cfbundle; includeInIndex = 0; path = superGoTests.xctest; sourceTree = BUILT_PRODUCTS_DIR; };
		ACFE9AC21B28977900407595 /* Info.plist */ = {isa = PBXFileReference; lastKnownFileType = text.plist.xml; path = Info.plist; sourceTree = "<group>"; };
		ACFE9AC31B28977900407595 /* superGoTests.swift */ = {isa = PBXFileReference; lastKnownFileType = sourcecode.swift; path = superGoTests.swift; sourceTree = "<group>"; };
/* End PBXFileReference section */

/* Begin PBXFrameworksBuildPhase section */
		ACFE9AA51B28977900407595 /* Frameworks */ = {
			isa = PBXFrameworksBuildPhase;
			buildActionMask = 2147483647;
			files = (
			);
			runOnlyForDeploymentPostprocessing = 0;
		};
		ACFE9ABA1B28977900407595 /* Frameworks */ = {
			isa = PBXFrameworksBuildPhase;
			buildActionMask = 2147483647;
			files = (
			);
			runOnlyForDeploymentPostprocessing = 0;
		};
/* End PBXFrameworksBuildPhase section */

/* Begin PBXGroup section */
		ACFE9A9F1B28977900407595 = {
			isa = PBXGroup;
			children = (
				ACFE9AAA1B28977900407595 /* superGo */,
				ACFE9AC01B28977900407595 /* superGoTests */,
				ACFE9AA91B28977900407595 /* Products */,
			);
			sourceTree = "<group>";
		};
		ACFE9AA91B28977900407595 /* Products */ = {
			isa = PBXGroup;
			children = (
				ACFE9AA81B28977900407595 /* superGo.app */,
				ACFE9ABD1B28977900407595 /* superGoTests.xctest */,
			);
			name = Products;
			sourceTree = "<group>";
		};
		ACFE9AAA1B28977900407595 /* superGo */ = {
			isa = PBXGroup;
			children = (
				ACFE9AAD1B28977900407595 /* AppDelegate.swift */,
				ACFE9AAF1B28977900407595 /* ViewController.swift */,
				ACFE9AB11B28977900407595 /* Main.storyboard */,
				ACFE9AB41B28977900407595 /* Images.xcassets */,
				ACFE9AB61B28977900407595 /* LaunchScreen.xib */,
				ACFE9AAB1B28977900407595 /* Supporting Files */,
			);
			path = superGo;
			sourceTree = "<group>";
		};
		ACFE9AAB1B28977900407595 /* Supporting Files */ = {
			isa = PBXGroup;
			children = (
				ACFE9AAC1B28977900407595 /* Info.plist */,
			);
			name = "Supporting Files";
			sourceTree = "<group>";
		};
		ACFE9AC01B28977900407595 /* superGoTests */ = {
			isa = PBXGroup;
			children = (
				ACFE9AC31B28977900407595 /* superGoTests.swift */,
				ACFE9AC11B28977900407595 /* Supporting Files */,
			);
			path = superGoTests;
			sourceTree = "<group>";
		};
		ACFE9AC11B28977900407595 /* Supporting Files */ = {
			isa = PBXGroup;
			children = (
				ACFE9AC21B28977900407595 /* Info.plist */,
			);
			name = "Supporting Files";
			sourceTree = "<group>";
		};
/* End PBXGroup section */

/* Begin PBXNativeTarget section */
		ACFE9AA71B28977900407595 /* superGo */ = {
			isa = PBXNativeTarget;
			buildConfigurationList = ACFE9AC71B28977900407595 /* Build configuration list for PBXNativeTarget "superGo" */;
			buildPhases = (
				ACFE9AA41B28977900407595 /* Sources */,
				ACFE9AA51B28977900407595 /* Frameworks */,
				ACFE9AA61B28977900407595 /* Resources */,
			);
			buildRules = (
			);
			dependencies = (
			);
			name = superGo;
			productName = superGo;
			productReference = ACFE9AA81B28977900407595 /* superGo.app */;
			productType = "com.apple.product-type.application";
		};
		ACFE9ABC1B28977900407595 /* superGoTests */ = {
			isa = PBXNativeTarget;
			buildConfigurationList = ACFE9ACA1B28977900407595 /* Build configuration list for PBXNativeTarget "superGoTests" */;
			buildPhases = (
				ACFE9AB91B28977900407595 /* Sources */,
				ACFE9ABA1B28977900407595 /* Frameworks */,
				ACFE9ABB1B28977900407595 /* Resources */,
			);
			buildRules = (
			);
			dependencies = (
				ACFE9ABF1B28977900407595 /* PBXTargetDependency */,
			);
			name = superGoTests;
			productName = superGoTests;
			productReference = ACFE9ABD1B28977900407595 /* superGoTests.xctest */;
			productType = "com.apple.product-type.bundle.unit-test";
		};
/* End PBXNativeTarget section */

/* Begin PBXProject section */
		ACFE9AA01B28977900407595 /* Project object */ = {
			isa = PBXProject;
			attributes = {
				LastUpgradeCheck = 0630;
				ORGANIZATIONNAME = "udi-me-ta";
				TargetAttributes = {
					ACFE9AA71B28977900407595 = {
						CreatedOnToolsVersion = 6.3.2;
					};
					ACFE9ABC1B28977900407595 = {
						CreatedOnToolsVersion = 6.3.2;
						TestTargetID = ACFE9AA71B28977900407595;
					};
				};
			};
			buildConfigurationList = ACFE9AA31B28977900407595 /* Build configuration list for PBXProject "superGo" */;
			compatibilityVersion = "Xcode 3.2";
			developmentRegion = English;
			hasScannedForEncodings = 0;
			knownRegions = (
				en,
				Base,
			);
			mainGroup = ACFE9A9F1B28977900407595;
			productRefGroup = ACFE9AA91B28977900407595 /* Products */;
			projectDirPath = "";
			projectRoot = "";
			targets = (
				ACFE9AA71B28977900407595 /* superGo */,
				ACFE9ABC1B28977900407595 /* superGoTests */,
			);
		};
/* End PBXProject section */

/* Begin PBXResourcesBuildPhase section */
		ACFE9AA61B28977900407595 /* Resources */ = {
			isa = PBXResourcesBuildPhase;
			buildActionMask = 2147483647;
			files = (
				ACFE9AB31B28977900407595 /* Main.storyboard in Resources */,
				ACFE9AB81B28977900407595 /* LaunchScreen.xib in Resources */,
				ACFE9AB51B28977900407595 /* Images.xcassets in Resources */,
			);
			runOnlyForDeploymentPostprocessing = 0;
		};
		ACFE9ABB1B28977900407595 /* Resources */ = {
			isa = PBXResourcesBuildPhase;
			buildActionMask = 2147483647;
			files = (
			);
			runOnlyForDeploymentPostprocessing = 0;
		};
/* End PBXResourcesBuildPhase section */

/* Begin PBXSourcesBuildPhase section */
		ACFE9AA41B28977900407595 /* Sources */ = {
			isa = PBXSourcesBuildPhase;
			buildActionMask = 2147483647;
			files = (
				ACFE9AB01B28977900407595 /* ViewController.swift in Sources */,
				ACFE9AAE1B28977900407595 /* AppDelegate.swift in Sources */,
			);
			runOnlyForDeploymentPostprocessing = 0;
		};
		ACFE9AB91B28977900407595 /* Sources */ = {
			isa = PBXSourcesBuildPhase;
			buildActionMask = 2147483647;
			files = (
				ACFE9AC41B28977900407595 /* superGoTests.swift in Sources */,
			);
			runOnlyForDeploymentPostprocessing = 0;
		};
/* End PBXSourcesBuildPhase section */

/* Begin PBXTargetDependency section */
		ACFE9ABF1B28977900407595 /* PBXTargetDependency */ = {
			isa = PBXTargetDependency;
			target = ACFE9AA71B28977900407595 /* superGo */;
			targetProxy = ACFE9ABE1B28977900407595 /* PBXContainerItemProxy */;
		};
/* End PBXTargetDependency section */

/* Begin PBXVariantGroup section */
		ACFE9AB11B28977900407595 /* Main.storyboard */ = {
			isa = PBXVariantGroup;
			children = (
				ACFE9AB21B28977900407595 /* Base */,
			);
			name = Main.storyboard;
			sourceTree = "<group>";
		};
		ACFE9AB61B28977900407595 /* LaunchScreen.xib */ = {
			isa = PBXVariantGroup;
			children = (
				ACFE9AB71B28977900407595 /* Base */,
			);
			name = LaunchScreen.xib;
			sourceTree = "<group>";
		};
/* End PBXVariantGroup section */

/* Begin XCBuildConfiguration section */
		ACFE9AC51B28977900407595 /* Debug */ = {
			isa = XCBuildConfiguration;
			buildSettings = {
				ALWAYS_SEARCH_USER_PATHS = NO;
				CLANG_CXX_LANGUAGE_STANDARD = "gnu++0x";
				CLANG_CXX_LIBRARY = "libc++";
				CLANG_ENABLE_MODULES = YES;
				CLANG_ENABLE_OBJC_ARC = YES;
				CLANG_WARN_BOOL_CONVERSION = YES;
				CLANG_WARN_CONSTANT_CONVERSION = YES;
				CLANG_WARN_DIRECT_OBJC_ISA_USAGE = YES_ERROR;
				CLANG_WARN_EMPTY_BODY = YES;
				CLANG_WARN_ENUM_CONVERSION = YES;
				CLANG_WARN_INT_CONVERSION = YES;
				CLANG_WARN_OBJC_ROOT_CLASS = YES_ERROR;
				CLANG_WARN_UNREACHABLE_CODE = YES;
				CLANG_WARN__DUPLICATE_METHOD_MATCH = YES;
				"CODE_SIGN_IDENTITY[sdk=iphoneos*]" = "iPhone Developer";
				COPY_PHASE_STRIP = NO;
				DEBUG_INFORMATION_FORMAT = "dwarf-with-dsym";
				ENABLE_STRICT_OBJC_MSGSEND = YES;
				GCC_C_LANGUAGE_STANDARD = gnu99;
				GCC_DYNAMIC_NO_PIC = NO;
				GCC_NO_COMMON_BLOCKS = YES;
				GCC_OPTIMIZATION_LEVEL = 0;
				GCC_PREPROCESSOR_DEFINITIONS = (
					"DEBUG=1",
					"$(inherited)",
				);
				GCC_SYMBOLS_PRIVATE_EXTERN = NO;
				GCC_WARN_64_TO_32_BIT_CONVERSION = YES;
				GCC_WARN_ABOUT_RETURN_TYPE = YES_ERROR;
				GCC_WARN_UNDECLARED_SELECTOR = YES;
				GCC_WARN_UNINITIALIZED_AUTOS = YES_AGGRESSIVE;
				GCC_WARN_UNUSED_FUNCTION = YES;
				GCC_WARN_UNUSED_VARIABLE = YES;
				IPHONEOS_DEPLOYMENT_TARGET = 8.3;
				MTL_ENABLE_DEBUG_INFO = YES;
				ONLY_ACTIVE_ARCH = YES;
				SDKROOT = iphoneos;
				SWIFT_OPTIMIZATION_LEVEL = "-Onone";
			};
			name = Debug;
		};
		ACFE9AC61B28977900407595 /* Release */ = {
			isa = XCBuildConfiguration;
			buildSettings = {
				ALWAYS_SEARCH_USER_PATHS = NO;
				CLANG_CXX_LANGUAGE_STANDARD = "gnu++0x";
				CLANG_CXX_LIBRARY = "libc++";
				CLANG_ENABLE_MODULES = YES;
				CLANG_ENABLE_OBJC_ARC = YES;
				CLANG_WARN_BOOL_CONVERSION = YES;
				CLANG_WARN_CONSTANT_CONVERSION = YES;
				CLANG_WARN_DIRECT_OBJC_ISA_USAGE = YES_ERROR;
				CLANG_WARN_EMPTY_BODY = YES;
				CLANG_WARN_ENUM_CONVERSION = YES;
				CLANG_WARN_INT_CONVERSION = YES;
				CLANG_WARN_OBJC_ROOT_CLASS = YES_ERROR;
				CLANG_WARN_UNREACHABLE_CODE = YES;
				CLANG_WARN__DUPLICATE_METHOD_MATCH = YES;
				"CODE_SIGN_IDENTITY[sdk=iphoneos*]" = "iPhone Developer";
				COPY_PHASE_STRIP = NO;
				DEBUG_INFORMATION_FORMAT = "dwarf-with-dsym";
				ENABLE_NS_ASSERTIONS = NO;
				ENABLE_STRICT_OBJC_MSGSEND = YES;
				GCC_C_LANGUAGE_STANDARD = gnu99;
				GCC_NO_COMMON_BLOCKS = YES;
				GCC_WARN_64_TO_32_BIT_CONVERSION = YES;
				GCC_WARN_ABOUT_RETURN_TYPE = YES_ERROR;
				GCC_WARN_UNDECLARED_SELECTOR = YES;
				GCC_WARN_UNINITIALIZED_AUTOS = YES_AGGRESSIVE;
				GCC_WARN_UNUSED_FUNCTION = YES;
				GCC_WARN_UNUSED_VARIABLE = YES;
				IPHONEOS_DEPLOYMENT_TARGET = 8.3;
				MTL_ENABLE_DEBUG_INFO = NO;
				SDKROOT = iphoneos;
				VALIDATE_PRODUCT = YES;
			};
			name = Release;
		};
		ACFE9AC81B28977900407595 /* Debug */ = {
			isa = XCBuildConfiguration;
			buildSettings = {
				ASSETCATALOG_COMPILER_APPICON_NAME = AppIcon;
				INFOPLIST_FILE = superGo/Info.plist;
				LD_RUNPATH_SEARCH_PATHS = "$(inherited) @executable_path/Frameworks";
				PRODUCT_NAME = "$(TARGET_NAME)";
			};
			name = Debug;
		};
		ACFE9AC91B28977900407595 /* Release */ = {
			isa = XCBuildConfiguration;
			buildSettings = {
				ASSETCATALOG_COMPILER_APPICON_NAME = AppIcon;
				INFOPLIST_FILE = superGo/Info.plist;
				LD_RUNPATH_SEARCH_PATHS = "$(inherited) @executable_path/Frameworks";
				PRODUCT_NAME = "$(TARGET_NAME)";
			};
			name = Release;
		};
		ACFE9ACB1B28977900407595 /* Debug */ = {
			isa = XCBuildConfiguration;
			buildSettings = {
				BUNDLE_LOADER = "$(TEST_HOST)";
				FRAMEWORK_SEARCH_PATHS = (
					"$(SDKROOT)/Developer/Library/Frameworks",
					"$(inherited)",
				);
				GCC_PREPROCESSOR_DEFINITIONS = (
					"DEBUG=1",
					"$(inherited)",
				);
				INFOPLIST_FILE = superGoTests/Info.plist;
				LD_RUNPATH_SEARCH_PATHS = "$(inherited) @executable_path/Frameworks @loader_path/Frameworks";
				PRODUCT_NAME = "$(TARGET_NAME)";
				TEST_HOST = "$(BUILT_PRODUCTS_DIR)/superGo.app/superGo";
			};
			name = Debug;
		};
		ACFE9ACC1B28977900407595 /* Release */ = {
			isa = XCBuildConfiguration;
			buildSettings = {
				BUNDLE_LOADER = "$(TEST_HOST)";
				FRAMEWORK_SEARCH_PATHS = (
					"$(SDKROOT)/Developer/Library/Frameworks",
					"$(inherited)",
				);
				INFOPLIST_FILE = superGoTests/Info.plist;
				LD_RUNPATH_SEARCH_PATHS = "$(inherited) @executable_path/Frameworks @loader_path/Frameworks";
				PRODUCT_NAME = "$(TARGET_NAME)";
				TEST_HOST = "$(BUILT_PRODUCTS_DIR)/superGo.app/superGo";
			};
			name = Release;
		};
/* End XCBuildConfiguration section */

/* Begin XCConfigurationList section */
		ACFE9AA31B28977900407595 /* Build configuration list for PBXProject "superGo" */ = {
			isa = XCConfigurationList;
			buildConfigurations = (
				ACFE9AC51B28977900407595 /* Debug */,
				ACFE9AC61B28977900407595 /* Release */,
			);
			defaultConfigurationIsVisible = 0;
			defaultConfigurationName = Release;
		};
		ACFE9AC71B28977900407595 /* Build configuration list for PBXNativeTarget "superGo" */ = {
			isa = XCConfigurationList;
			buildConfigurations = (
				ACFE9AC81B28977900407595 /* Debug */,
				ACFE9AC91B28977900407595 /* Release */,
			);
			defaultConfigurationIsVisible = 0;
		};
		ACFE9ACA1B28977900407595 /* Build configuration list for PBXNativeTarget "superGoTests" */ = {
			isa = XCConfigurationList;
			buildConfigurations = (
				ACFE9ACB1B28977900407595 /* Debug */,
				ACFE9ACC1B28977900407595 /* Release */,
			);
			defaultConfigurationIsVisible = 0;
		};
/* End XCConfigurationList section */
	};
	rootObject = ACFE9AA01B28977900407595 /* Project object */;
}
